
Microsoft Visual Studio Solution File, Format Version 12.00
# Visual Studio Version 16
VisualStudioVersion = 16.0.30011.22
MinimumVisualStudioVersion = 10.0.40219.1
Project("{9A19103F-16F7-4668-BE54-9A1E7A4F7556}") = "PersianAnimalLand.Domain", "PersianAnimalLand.Domain\PersianAnimalLand.Domain.csproj", "{EBF72970-D28F-4BF0-90A8-3786CA532B3F}"
EndProject
Project("{9A19103F-16F7-4668-BE54-9A1E7A4F7556}") = "PersianAnimalLand.Services", "PersianAnimalLand.Services\PersianAnimalLand.Services.csproj", "{9835ACD0-6F5D-4173-8930-1BC99E9BC84D}"
EndProject
Project("{9A19103F-16F7-4668-BE54-9A1E7A4F7556}") = "PersianAnimalLand.Api", "PersianAnimalLand.Api\PersianAnimalLand.Api.csproj", "{EE00E3A6-23BC-4F5F-9F5C-D13307A4E53F}"
EndProject
Project("{2150E333-8FDC-42A3-9474-1A3956D46DE8}") = "Api", "Api", "{476008C0-075A-412F-B6BF-A14B5C9C189A}"
EndProject
Project("{2150E333-8FDC-42A3-9474-1A3956D46DE8}") = "Web", "Web", "{508DC872-21E2-4B31-8367-0C26099BA4A9}"
EndProject
Project("{9A19103F-16F7-4668-BE54-9A1E7A4F7556}") = "PersianAnimalLand.DataAccess", "PersianAnimalLand.DataAccess\PersianAnimalLand.DataAccess.csproj", "{13CE8F34-C803-4338-9A86-48D2C292D75C}"
EndProject
Project("{9A19103F-16F7-4668-BE54-9A1E7A4F7556}") = "PersianAnimalLand.Web", "PersianAnimalLand.Web\PersianAnimalLand.Web.csproj", "{02631C6D-33E6-4FCB-98D4-C3F51D88256D}"
EndProject
Project("{9A19103F-16F7-4668-BE54-9A1E7A4F7556}") = "PersianAnimalLand.DependencyResolver", "PersianAnimalLand.DependencyResolver\PersianAnimalLand.DependencyResolver.csproj", "{302EC8A5-D715-4B52-B358-230B4ABBA04C}"
EndProject
Project("{2150E333-8FDC-42A3-9474-1A3956D46DE8}") = "Core", "Core", "{1FAFB946-5CE6-45EB-8289-43335F7AFA0E}"
EndProject
Project("{FAE04EC0-301F-11D3-BF4B-00C04F79EFBC}") = "PersianAnimalLand.Core", "PersianAnimalLand.Core\PersianAnimalLand.Core.csproj", "{5564100D-CDEA-4244-81AD-3CA3CCB660BF}"
EndProject
Global
	GlobalSection(SolutionConfigurationPlatforms) = preSolution
		Debug|Any CPU = Debug|Any CPU
		Release|Any CPU = Release|Any CPU
	EndGlobalSection
	GlobalSection(ProjectConfigurationPlatforms) = postSolution
		{EBF72970-D28F-4BF0-90A8-3786CA532B3F}.Debug|Any CPU.ActiveCfg = Debug|Any CPU
		{EBF72970-D28F-4BF0-90A8-3786CA532B3F}.Debug|Any CPU.Build.0 = Debug|Any CPU
		{EBF72970-D28F-4BF0-90A8-3786CA532B3F}.Release|Any CPU.ActiveCfg = Release|Any CPU
		{EBF72970-D28F-4BF0-90A8-3786CA532B3F}.Release|Any CPU.Build.0 = Release|Any CPU
		{9835ACD0-6F5D-4173-8930-1BC99E9BC84D}.Debug|Any CPU.ActiveCfg = Debug|Any CPU
		{9835ACD0-6F5D-4173-8930-1BC99E9BC84D}.Debug|Any CPU.Build.0 = Debug|Any CPU
		{9835ACD0-6F5D-4173-8930-1BC99E9BC84D}.Release|Any CPU.ActiveCfg = Release|Any CPU
		{9835ACD0-6F5D-4173-8930-1BC99E9BC84D}.Release|Any CPU.Build.0 = Release|Any CPU
		{EE00E3A6-23BC-4F5F-9F5C-D13307A4E53F}.Debug|Any CPU.ActiveCfg = Debug|Any CPU
		{EE00E3A6-23BC-4F5F-9F5C-D13307A4E53F}.Debug|Any CPU.Build.0 = Debug|Any CPU
		{EE00E3A6-23BC-4F5F-9F5C-D13307A4E53F}.Release|Any CPU.ActiveCfg = Release|Any CPU
		{EE00E3A6-23BC-4F5F-9F5C-D13307A4E53F}.Release|Any CPU.Build.0 = Release|Any CPU
		{13CE8F34-C803-4338-9A86-48D2C292D75C}.Debug|Any CPU.ActiveCfg = Debug|Any CPU
		{13CE8F34-C803-4338-9A86-48D2C292D75C}.Debug|Any CPU.Build.0 = Debug|Any CPU
		{13CE8F34-C803-4338-9A86-48D2C292D75C}.Release|Any CPU.ActiveCfg = Release|Any CPU
		{13CE8F34-C803-4338-9A86-48D2C292D75C}.Release|Any CPU.Build.0 = Release|Any CPU
		{02631C6D-33E6-4FCB-98D4-C3F51D88256D}.Debug|Any CPU.ActiveCfg = Debug|Any CPU
		{02631C6D-33E6-4FCB-98D4-C3F51D88256D}.Debug|Any CPU.Build.0 = Debug|Any CPU
		{02631C6D-33E6-4FCB-98D4-C3F51D88256D}.Release|Any CPU.ActiveCfg = Release|Any CPU
		{02631C6D-33E6-4FCB-98D4-C3F51D88256D}.Release|Any CPU.Build.0 = Release|Any CPU
		{302EC8A5-D715-4B52-B358-230B4ABBA04C}.Debug|Any CPU.ActiveCfg = Debug|Any CPU
		{302EC8A5-D715-4B52-B358-230B4ABBA04C}.Debug|Any CPU.Build.0 = Debug|Any CPU
		{302EC8A5-D715-4B52-B358-230B4ABBA04C}.Release|Any CPU.ActiveCfg = Release|Any CPU
		{302EC8A5-D715-4B52-B358-230B4ABBA04C}.Release|Any CPU.Build.0 = Release|Any CPU
		{5564100D-CDEA-4244-81AD-3CA3CCB660BF}.Debug|Any CPU.ActiveCfg = Debug|Any CPU
		{5564100D-CDEA-4244-81AD-3CA3CCB660BF}.Debug|Any CPU.Build.0 = Debug|Any CPU
		{5564100D-CDEA-4244-81AD-3CA3CCB660BF}.Release|Any CPU.ActiveCfg = Release|Any CPU
		{5564100D-CDEA-4244-81AD-3CA3CCB660BF}.Release|Any CPU.Build.0 = Release|Any CPU
	EndGlobalSection
	GlobalSection(SolutionProperties) = preSolution
		HideSolutionNode = FALSE
	EndGlobalSection
	GlobalSection(NestedProjects) = preSolution
		{EBF72970-D28F-4BF0-90A8-3786CA532B3F} = {476008C0-075A-412F-B6BF-A14B5C9C189A}
		{9835ACD0-6F5D-4173-8930-1BC99E9BC84D} = {476008C0-075A-412F-B6BF-A14B5C9C189A}
		{EE00E3A6-23BC-4F5F-9F5C-D13307A4E53F} = {476008C0-075A-412F-B6BF-A14B5C9C189A}
		{13CE8F34-C803-4338-9A86-48D2C292D75C} = {476008C0-075A-412F-B6BF-A14B5C9C189A}
		{02631C6D-33E6-4FCB-98D4-C3F51D88256D} = {508DC872-21E2-4B31-8367-0C26099BA4A9}
		{302EC8A5-D715-4B52-B358-230B4ABBA04C} = {476008C0-075A-412F-B6BF-A14B5C9C189A}
		{5564100D-CDEA-4244-81AD-3CA3CCB660BF} = {1FAFB946-5CE6-45EB-8289-43335F7AFA0E}
	EndGlobalSection
	GlobalSection(ExtensibilityGlobals) = postSolution
		SolutionGuid = {E031C6BB-74BB-4402-9C23-B93413427B0E}
	EndGlobalSection
EndGlobal
